// !$*UTF8*$!
{
	archiveVersion = 1;
	classes = {
	};
	objectVersion = 46;
	objects = {

/* Begin PBXBuildFile section */
		D1D714981F052B9A008576C7 /* main.m in Sources */ = {isa = PBXBuildFile; fileRef = D1D714971F052B9A008576C7 /* main.m */; };
		D1D714A31F052BB0008576C7 /* Patient.m in Sources */ = {isa = PBXBuildFile; fileRef = D1D714A21F052BB0008576C7 /* Patient.m */; };
		D1D714A61F052BB6008576C7 /* Doctor.m in Sources */ = {isa = PBXBuildFile; fileRef = D1D714A51F052BB6008576C7 /* Doctor.m */; };
		D1D714C61F0577B0008576C7 /* Perscription.m in Sources */ = {isa = PBXBuildFile; fileRef = D1D714C51F0577B0008576C7 /* Perscription.m */; };
		D1D714C91F057F85008576C7 /* Disease.m in Sources */ = {isa = PBXBuildFile; fileRef = D1D714C81F057F85008576C7 /* Disease.m */; };
/* End PBXBuildFile section */

/* Begin PBXCopyFilesBuildPhase section */
		D1D714921F052B9A008576C7 /* CopyFiles */ = {
			isa = PBXCopyFilesBuildPhase;
			buildActionMask = 2147483647;
			dstPath = /usr/share/man/man1/;
			dstSubfolderSpec = 0;
			files = (
			);
			runOnlyForDeploymentPostprocessing = 1;
		};
/* End PBXCopyFilesBuildPhase section */

/* Begin PBXFileReference section */
		D1D714941F052B9A008576C7 /* Patient Doctor */ = {isa = PBXFileReference; explicitFileType = "compiled.mach-o.executable"; includeInIndex = 0; path = "Patient Doctor"; sourceTree = BUILT_PRODUCTS_DIR; };
		D1D714971F052B9A008576C7 /* main.m */ = {isa = PBXFileReference; lastKnownFileType = sourcecode.c.objc; path = main.m; sourceTree = "<group>"; };
		D1D714A11F052BB0008576C7 /* Patient.h */ = {isa = PBXFileReference; fileEncoding = 4; lastKnownFileType = sourcecode.c.h; path = Patient.h; sourceTree = "<group>"; };
		D1D714A21F052BB0008576C7 /* Patient.m */ = {isa = PBXFileReference; fileEncoding = 4; lastKnownFileType = sourcecode.c.objc; path = Patient.m; sourceTree = "<group>"; };
		D1D714A41F052BB6008576C7 /* Doctor.h */ = {isa = PBXFileReference; fileEncoding = 4; lastKnownFileType = sourcecode.c.h; path = Doctor.h; sourceTree = "<group>"; };
		D1D714A51F052BB6008576C7 /* Doctor.m */ = {isa = PBXFileReference; fileEncoding = 4; lastKnownFileType = sourcecode.c.objc; path = Doctor.m; sourceTree = "<group>"; };
		D1D714C41F0577B0008576C7 /* Perscription.h */ = {isa = PBXFileReference; fileEncoding = 4; lastKnownFileType = sourcecode.c.h; path = Perscription.h; sourceTree = "<group>"; };
		D1D714C51F0577B0008576C7 /* Perscription.m */ = {isa = PBXFileReference; fileEncoding = 4; lastKnownFileType = sourcecode.c.objc; path = Perscription.m; sourceTree = "<group>"; };
		D1D714C71F057F85008576C7 /* Disease.h */ = {isa = PBXFileReference; fileEncoding = 4; lastKnownFileType = sourcecode.c.h; path = Disease.h; sourceTree = "<group>"; };
		D1D714C81F057F85008576C7 /* Disease.m */ = {isa = PBXFileReference; fileEncoding = 4; lastKnownFileType = sourcecode.c.objc; path = Disease.m; sourceTree = "<group>"; };
/* End PBXFileReference section */

/* Begin PBXFrameworksBuildPhase section */
		D1D714911F052B9A008576C7 /* Frameworks */ = {
			isa = PBXFrameworksBuildPhase;
			buildActionMask = 2147483647;
			files = (
			);
			runOnlyForDeploymentPostprocessing = 0;
		};
/* End PBXFrameworksBuildPhase section */

/* Begin PBXGroup section */
		D1D7148B1F052B9A008576C7 = {
			isa = PBXGroup;
			children = (
				D1D714961F052B9A008576C7 /* Patient Doctor */,
				D1D714951F052B9A008576C7 /* Products */,
			);
			sourceTree = "<group>";
		};
		D1D714951F052B9A008576C7 /* Products */ = {
			isa = PBXGroup;
			children = (
				D1D714941F052B9A008576C7 /* Patient Doctor */,
			);
			name = Products;
			sourceTree = "<group>";
		};
		D1D714961F052B9A008576C7 /* Patient Doctor */ = {
			isa = PBXGroup;
			children = (
				D1D714971F052B9A008576C7 /* main.m */,
				D1D714A11F052BB0008576C7 /* Patient.h */,
				D1D714A21F052BB0008576C7 /* Patient.m */,
				D1D714A41F052BB6008576C7 /* Doctor.h */,
				D1D714A51F052BB6008576C7 /* Doctor.m */,
				D1D714C41F0577B0008576C7 /* Perscription.h */,
				D1D714C51F0577B0008576C7 /* Perscription.m */,
				D1D714C71F057F85008576C7 /* Disease.h */,
				D1D714C81F057F85008576C7 /* Disease.m */,
			);
			path = "Patient Doctor";
			sourceTree = "<group>";
		};
/* End PBXGroup section */

/* Begin PBXNativeTarget section */
		D1D714931F052B9A008576C7 /* Patient Doctor */ = {
			isa = PBXNativeTarget;
			buildConfigurationList = D1D7149B1F052B9A008576C7 /* Build configuration list for PBXNativeTarget "Patient Doctor" */;
			buildPhases = (
				D1D714901F052B9A008576C7 /* Sources */,
				D1D714911F052B9A008576C7 /* Frameworks */,
				D1D714921F052B9A008576C7 /* CopyFiles */,
			);
			buildRules = (
			);
			dependencies = (
			);
			name = "Patient Doctor";
			productName = "Patient Doctor";
			productReference = D1D714941F052B9A008576C7 /* Patient Doctor */;
			productType = "com.apple.product-type.tool";
		};
/* End PBXNativeTarget section */

/* Begin PBXProject section */
		D1D7148C1F052B9A008576C7 /* Project object */ = {
			isa = PBXProject;
			attributes = {
				LastUpgradeCheck = 0830;
				ORGANIZATIONNAME = "Errol Cheong";
				TargetAttributes = {
					D1D714931F052B9A008576C7 = {
						CreatedOnToolsVersion = 8.3.3;
						ProvisioningStyle = Automatic;
					};
				};
			};
			buildConfigurationList = D1D7148F1F052B9A008576C7 /* Build configuration list for PBXProject "Patient Doctor" */;
			compatibilityVersion = "Xcode 3.2";
			developmentRegion = English;
			hasScannedForEncodings = 0;
			knownRegions = (
				en,
			);
			mainGroup = D1D7148B1F052B9A008576C7;
			productRefGroup = D1D714951F052B9A008576C7 /* Products */;
			projectDirPath = "";
			projectRoot = "";
			targets = (
				D1D714931F052B9A008576C7 /* Patient Doctor */,
			);
		};
/* End PBXProject section */

/* Begin PBXSourcesBuildPhase section */
		D1D714901F052B9A008576C7 /* Sources */ = {
			isa = PBXSourcesBuildPhase;
			buildActionMask = 2147483647;
			files = (
				D1D714981F052B9A008576C7 /* main.m in Sources */,
				D1D714A31F052BB0008576C7 /* Patient.m in Sources */,
				D1D714A61F052BB6008576C7 /* Doctor.m in Sources */,
				D1D714C91F057F85008576C7 /* Disease.m in Sources */,
				D1D714C61F0577B0008576C7 /* Perscription.m in Sources */,
			);
			runOnlyForDeploymentPostprocessing = 0;
		};
/* End PBXSourcesBuildPhase section */

/* Begin XCBuildConfiguration section */
		D1D714991F052B9A008576C7 /* Debug */ = {
			isa = XCBuildConfiguration;
			buildSettings = {
				ALWAYS_SEARCH_USER_PATHS = NO;
				CLANG_ANALYZER_NONNULL = YES;
				CLANG_ANALYZER_NUMBER_OBJECT_CONVERSION = YES_AGGRESSIVE;
				CLANG_CXX_LANGUAGE_STANDARD = "gnu++0x";
				CLANG_CXX_LIBRARY = "libc++";
				CLANG_ENABLE_MODULES = YES;
				CLANG_ENABLE_OBJC_ARC = YES;
				CLANG_WARN_BOOL_CONVERSION = YES;
				CLANG_WARN_CONSTANT_CONVERSION = YES;
				CLANG_WARN_DIRECT_OBJC_ISA_USAGE = YES_ERROR;
				CLANG_WARN_DOCUMENTATION_COMMENTS = YES;
				CLANG_WARN_EMPTY_BODY = YES;
				CLANG_WARN_ENUM_CONVERSION = YES;
				CLANG_WARN_INFINITE_RECURSION = YES;
				CLANG_WARN_INT_CONVERSION = YES;
				CLANG_WARN_OBJC_ROOT_CLASS = YES_ERROR;
				CLANG_WARN_SUSPICIOUS_MOVE = YES;
				CLANG_WARN_UNREACHABLE_CODE = YES;
				CLANG_WARN__DUPLICATE_METHOD_MATCH = YES;
				CODE_SIGN_IDENTITY = "-";
				COPY_PHASE_STRIP = NO;
				DEBUG_INFORMATION_FORMAT = dwarf;
				ENABLE_STRICT_OBJC_MSGSEND = YES;
				ENABLE_TESTABILITY = YES;
				GCC_C_LANGUAGE_STANDARD = gnu99;
				GCC_DYNAMIC_NO_PIC = NO;
				GCC_NO_COMMON_BLOCKS = YES;
				GCC_OPTIMIZATION_LEVEL = 0;
				GCC_PREPROCESSOR_DEFINITIONS = (
					"DEBUG=1",
					"$(inherited)",
				);
				GCC_WARN_64_TO_32_BIT_CONVERSION = YES;
				GCC_WARN_ABOUT_RETURN_TYPE = YES_ERROR;
				GCC_WARN_UNDECLARED_SELECTOR = YES;
				GCC_WARN_UNINITIALIZED_AUTOS = YES_AGGRESSIVE;
				GCC_WARN_UNUSED_FUNCTION = YES;
				GCC_WARN_UNUSED_VARIABLE = YES;
				MACOSX_DEPLOYMENT_TARGET = 10.12;
				MTL_ENABLE_DEBUG_INFO = YES;
				ONLY_ACTIVE_ARCH = YES;
				SDKROOT = macosx;
			};
			name = Debug;
		};
		D1D7149A1F052B9A008576C7 /* Release */ = {
			isa = XCBuildConfiguration;
			buildSettings = {
				ALWAYS_SEARCH_USER_PATHS = NO;
				CLANG_ANALYZER_NONNULL = YES;
				CLANG_ANALYZER_NUMBER_OBJECT_CONVERSION = YES_AGGRESSIVE;
				CLANG_CXX_LANGUAGE_STANDARD = "gnu++0x";
				CLANG_CXX_LIBRARY = "libc++";
				CLANG_ENABLE_MODULES = YES;
				CLANG_ENABLE_OBJC_ARC = YES;
				CLANG_WARN_BOOL_CONVERSION = YES;
				CLANG_WARN_CONSTANT_CONVERSION = YES;
				CLANG_WARN_DIRECT_OBJC_ISA_USAGE = YES_ERROR;
				CLANG_WARN_DOCUMENTATION_COMMENTS = YES;
				CLANG_WARN_EMPTY_BODY = YES;
				CLANG_WARN_ENUM_CONVERSION = YES;
				CLANG_WARN_INFINITE_RECURSION = YES;
				CLANG_WARN_INT_CONVERSION = YES;
				CLANG_WARN_OBJC_ROOT_CLASS = YES_ERROR;
				CLANG_WARN_SUSPICIOUS_MOVE = YES;
				CLANG_WARN_UNREACHABLE_CODE = YES;
				CLANG_WARN__DUPLICATE_METHOD_MATCH = YES;
				CODE_SIGN_IDENTITY = "-";
				COPY_PHASE_STRIP = NO;
				DEBUG_INFORMATION_FORMAT = "dwarf-with-dsym";
				ENABLE_NS_ASSERTIONS = NO;
				ENABLE_STRICT_OBJC_MSGSEND = YES;
				GCC_C_LANGUAGE_STANDARD = gnu99;
				GCC_NO_COMMON_BLOCKS = YES;
				GCC_WARN_64_TO_32_BIT_CONVERSION = YES;
				GCC_WARN_ABOUT_RETURN_TYPE = YES_ERROR;
				GCC_WARN_UNDECLARED_SELECTOR = YES;
				GCC_WARN_UNINITIALIZED_AUTOS = YES_AGGRESSIVE;
				GCC_WARN_UNUSED_FUNCTION = YES;
				GCC_WARN_UNUSED_VARIABLE = YES;
				MACOSX_DEPLOYMENT_TARGET = 10.12;
				MTL_ENABLE_DEBUG_INFO = NO;
				SDKROOT = macosx;
			};
			name = Release;
		};
		D1D7149C1F052B9A008576C7 /* Debug */ = {
			isa = XCBuildConfiguration;
			buildSettings = {
				PRODUCT_NAME = "$(TARGET_NAME)";
			};
			name = Debug;
		};
		D1D7149D1F052B9A008576C7 /* Release */ = {
			isa = XCBuildConfiguration;
			buildSettings = {
				PRODUCT_NAME = "$(TARGET_NAME)";
			};
			name = Release;
		};
/* End XCBuildConfiguration section */

/* Begin XCConfigurationList section */
		D1D7148F1F052B9A008576C7 /* Build configuration list for PBXProject "Patient Doctor" */ = {
			isa = XCConfigurationList;
			buildConfigurations = (
				D1D714991F052B9A008576C7 /* Debug */,
				D1D7149A1F052B9A008576C7 /* Release */,
			);
			defaultConfigurationIsVisible = 0;
			defaultConfigurationName = Release;
		};
		D1D7149B1F052B9A008576C7 /* Build configuration list for PBXNativeTarget "Patient Doctor" */ = {
			isa = XCConfigurationList;
			buildConfigurations = (
				D1D7149C1F052B9A008576C7 /* Debug */,
				D1D7149D1F052B9A008576C7 /* Release */,
			);
			defaultConfigurationIsVisible = 0;
			defaultConfigurationName = Release;
		};
/* End XCConfigurationList section */
	};
	rootObject = D1D7148C1F052B9A008576C7 /* Project object */;
}
